{"seq":0,"timestamp":"2026-05-25T00:00:00.000Z","stage":"1","gate":"stage-1","result":{"kind":"pass","findings":[]},"sourceHash":"sha256:0000000000000000000000000000000000000000000000000000000000000020","prevHash":"sha256:0000000000000000000000000000000000000000000000000000000000000000","entryHash":"sha256:59dd2c9b8571928b7c1b2a2c17727d6d421dd8844332c1b715b1dc5924f54ab7"}
