{"seq":0,"timestamp":"2026-05-25T00:00:00.000Z","stage":"1","gate":"stage-1","result":{"kind":"user_overridden","reason":"shipping with synthetic personas","findings":[],"overrideBanner":"[OVERRIDE] stage-1 gate bypassed: shipping with synthetic personas"},"sourceHash":"sha256:0000000000000000000000000000000000000000000000000000000000000010","prevHash":"sha256:0000000000000000000000000000000000000000000000000000000000000000","entryHash":"sha256:4f441d0fa0074c6c7134d0fd0387355ef4e014cf25a86b72b40296753332347e"}
