{"seq":0,"timestamp":"2026-05-25T00:00:00.000Z","stage":"1","gate":"stage-1","result":{"evidence":"inferred","findings":[],"kind":"pass"},"sourceHash":"sha256:16d3f687e51e2b158567c1f37b6c02c2d00072d9848fb7171596df6de09cef51","prevHash":"sha256:0000000000000000000000000000000000000000000000000000000000000000","entryHash":"sha256:65d7eb82821120a3cc560c45784cefbf7010d41a9d58cedc190aa576a3cde78a"}
{"seq":1,"timestamp":"2026-05-25T00:00:00.000Z","stage":"2","gate":"stage-2","result":{"evidence":"inferred","findings":[],"kind":"pass"},"sourceHash":"sha256:b84de6e54615c6fc83731b21710f56f140a518dd083e69dc79754f5d0134b54f","prevHash":"sha256:65d7eb82821120a3cc560c45784cefbf7010d41a9d58cedc190aa576a3cde78a","entryHash":"sha256:2949b6795096ef8baa3c1d8bce3c47723672239b2db7a2c2e6de4752e9cf1474"}
