{"seq":0,"timestamp":"2026-05-25T00:00:00.000Z","stage":"1","gate":"stage-1","result":{"evidence":"inferred","findings":[],"kind":"pass"},"sourceHash":"sha256:16d3f687e51e2b158567c1f37b6c02c2d00072d9848fb7171596df6de09cef51","prevHash":"sha256:0000000000000000000000000000000000000000000000000000000000000000","entryHash":"sha256:65d7eb82821120a3cc560c45784cefbf7010d41a9d58cedc190aa576a3cde78a"}
